
Microsoft Visual Studio Solution File, Format Version 12.00
# Visual Studio Version 16
VisualStudioVersion = 16.0.28803.352
MinimumVisualStudioVersion = 10.0.40219.1
Project("{FAE04EC0-301F-11D3-BF4B-00C04F79EFBC}") = "TestGit", "TestGit\TestGit.csproj", "{106F54D5-0353-4CAC-8C0A-48EE621844DA}"
EndProject
Global
	GlobalSection(SolutionConfigurationPlatforms) = preSolution
		Debug|Any CPU = Debug|Any CPU
		Release|Any CPU = Release|Any CPU
	EndGlobalSection
	GlobalSection(ProjectConfigurationPlatforms) = postSolution
		{106F54D5-0353-4CAC-8C0A-48EE621844DA}.Debug|Any CPU.ActiveCfg = Debug|Any CPU
		{106F54D5-0353-4CAC-8C0A-48EE621844DA}.Debug|Any CPU.Build.0 = Debug|Any CPU
		{106F54D5-0353-4CAC-8C0A-48EE621844DA}.Release|Any CPU.ActiveCfg = Release|Any CPU
		{106F54D5-0353-4CAC-8C0A-48EE621844DA}.Release|Any CPU.Build.0 = Release|Any CPU
	EndGlobalSection
	GlobalSection(SolutionProperties) = preSolution
		HideSolutionNode = FALSE
	EndGlobalSection
	GlobalSection(ExtensibilityGlobals) = postSolution
		SolutionGuid = {F419AC70-5CAA-4206-9F52-419EE432ABDF}
	EndGlobalSection
EndGlobal
